
Microsoft Visual Studio Solution File, Format Version 12.00
# Visual Studio Version 16
VisualStudioVersion = 16.0.29519.87
MinimumVisualStudioVersion = 10.0.40219.1
Project("{FAE04EC0-301F-11D3-BF4B-00C04F79EFBC}") = "ConsolaMainTP3", "ConsolaMainTP3\ConsolaMainTP3.csproj", "{CF6A83D3-3FBF-4A28-B2EC-79C066E9A1BE}"
EndProject
Project("{FAE04EC0-301F-11D3-BF4B-00C04F79EFBC}") = "Archivos", "Archivos\Archivos.csproj", "{E54029F7-DD8E-4EAF-8B6A-FA8299025879}"
EndProject
Project("{FAE04EC0-301F-11D3-BF4B-00C04F79EFBC}") = "ClasesInstanciables", "ClasesInstanciables\ClasesInstanciables.csproj", "{5BF92020-3314-413B-B1FC-C9A4FFADB102}"
EndProject
Project("{FAE04EC0-301F-11D3-BF4B-00C04F79EFBC}") = "Excepciones", "Excepciones\Excepciones.csproj", "{B9CEF224-EEB4-4918-9C2B-E04C6A542335}"
EndProject
Project("{FAE04EC0-301F-11D3-BF4B-00C04F79EFBC}") = "ClasesAbstractas", "ClasesAbstractas\ClasesAbstractas.csproj", "{6FAE68BF-6AF1-43A4-A29F-621D90D08A27}"
EndProject
Project("{FAE04EC0-301F-11D3-BF4B-00C04F79EFBC}") = "TestUnitarios", "TestUnitarios\TestUnitarios.csproj", "{1C270408-2A3B-4BB3-A14E-833DBD025460}"
EndProject
Global
	GlobalSection(SolutionConfigurationPlatforms) = preSolution
		Debug|Any CPU = Debug|Any CPU
		Release|Any CPU = Release|Any CPU
	EndGlobalSection
	GlobalSection(ProjectConfigurationPlatforms) = postSolution
		{CF6A83D3-3FBF-4A28-B2EC-79C066E9A1BE}.Debug|Any CPU.ActiveCfg = Debug|Any CPU
		{CF6A83D3-3FBF-4A28-B2EC-79C066E9A1BE}.Debug|Any CPU.Build.0 = Debug|Any CPU
		{CF6A83D3-3FBF-4A28-B2EC-79C066E9A1BE}.Release|Any CPU.ActiveCfg = Release|Any CPU
		{CF6A83D3-3FBF-4A28-B2EC-79C066E9A1BE}.Release|Any CPU.Build.0 = Release|Any CPU
		{E54029F7-DD8E-4EAF-8B6A-FA8299025879}.Debug|Any CPU.ActiveCfg = Debug|Any CPU
		{E54029F7-DD8E-4EAF-8B6A-FA8299025879}.Debug|Any CPU.Build.0 = Debug|Any CPU
		{E54029F7-DD8E-4EAF-8B6A-FA8299025879}.Release|Any CPU.ActiveCfg = Release|Any CPU
		{E54029F7-DD8E-4EAF-8B6A-FA8299025879}.Release|Any CPU.Build.0 = Release|Any CPU
		{5BF92020-3314-413B-B1FC-C9A4FFADB102}.Debug|Any CPU.ActiveCfg = Debug|Any CPU
		{5BF92020-3314-413B-B1FC-C9A4FFADB102}.Debug|Any CPU.Build.0 = Debug|Any CPU
		{5BF92020-3314-413B-B1FC-C9A4FFADB102}.Release|Any CPU.ActiveCfg = Release|Any CPU
		{5BF92020-3314-413B-B1FC-C9A4FFADB102}.Release|Any CPU.Build.0 = Release|Any CPU
		{B9CEF224-EEB4-4918-9C2B-E04C6A542335}.Debug|Any CPU.ActiveCfg = Debug|Any CPU
		{B9CEF224-EEB4-4918-9C2B-E04C6A542335}.Debug|Any CPU.Build.0 = Debug|Any CPU
		{B9CEF224-EEB4-4918-9C2B-E04C6A542335}.Release|Any CPU.ActiveCfg = Release|Any CPU
		{B9CEF224-EEB4-4918-9C2B-E04C6A542335}.Release|Any CPU.Build.0 = Release|Any CPU
		{6FAE68BF-6AF1-43A4-A29F-621D90D08A27}.Debug|Any CPU.ActiveCfg = Debug|Any CPU
		{6FAE68BF-6AF1-43A4-A29F-621D90D08A27}.Debug|Any CPU.Build.0 = Debug|Any CPU
		{6FAE68BF-6AF1-43A4-A29F-621D90D08A27}.Release|Any CPU.ActiveCfg = Release|Any CPU
		{6FAE68BF-6AF1-43A4-A29F-621D90D08A27}.Release|Any CPU.Build.0 = Release|Any CPU
		{1C270408-2A3B-4BB3-A14E-833DBD025460}.Debug|Any CPU.ActiveCfg = Debug|Any CPU
		{1C270408-2A3B-4BB3-A14E-833DBD025460}.Debug|Any CPU.Build.0 = Debug|Any CPU
		{1C270408-2A3B-4BB3-A14E-833DBD025460}.Release|Any CPU.ActiveCfg = Release|Any CPU
		{1C270408-2A3B-4BB3-A14E-833DBD025460}.Release|Any CPU.Build.0 = Release|Any CPU
	EndGlobalSection
	GlobalSection(SolutionProperties) = preSolution
		HideSolutionNode = FALSE
	EndGlobalSection
	GlobalSection(ExtensibilityGlobals) = postSolution
		SolutionGuid = {BF605E02-600B-462B-B62D-9E4159691D17}
	EndGlobalSection
EndGlobal
